
Microsoft Visual Studio Solution File, Format Version 12.00
# Visual Studio Version 16
VisualStudioVersion = 16.0.29411.108
MinimumVisualStudioVersion = 10.0.40219.1
Project("{9A19103F-16F7-4668-BE54-9A1E7A4F7556}") = "Lotachamp.Api", "Lotachamp.Api\Lotachamp.Api.csproj", "{1FE3C0D0-FD3A-42CC-A881-31D8158132E5}"
EndProject
Project("{9A19103F-16F7-4668-BE54-9A1E7A4F7556}") = "Lotachamp.Application", "Lotachamp.Application\Lotachamp.Application.csproj", "{8FC9C0E1-CB77-4DCD-9AEA-031B611AF890}"
EndProject
Project("{9A19103F-16F7-4668-BE54-9A1E7A4F7556}") = "Lotachamp.Persistance", "Lotachamp.Persistance\Lotachamp.Persistance.csproj", "{0D014D0D-F99D-469A-92A6-E1A05D22BCA3}"
EndProject
Project("{9A19103F-16F7-4668-BE54-9A1E7A4F7556}") = "Lotachamp.Domain", "Lotachamp.Domain\Lotachamp.Domain.csproj", "{EEBE68FB-C48C-4AF8-B247-42CEF59BBEEA}"
EndProject
Global
	GlobalSection(SolutionConfigurationPlatforms) = preSolution
		Debug|Any CPU = Debug|Any CPU
		Release|Any CPU = Release|Any CPU
	EndGlobalSection
	GlobalSection(ProjectConfigurationPlatforms) = postSolution
		{1FE3C0D0-FD3A-42CC-A881-31D8158132E5}.Debug|Any CPU.ActiveCfg = Debug|Any CPU
		{1FE3C0D0-FD3A-42CC-A881-31D8158132E5}.Debug|Any CPU.Build.0 = Debug|Any CPU
		{1FE3C0D0-FD3A-42CC-A881-31D8158132E5}.Release|Any CPU.ActiveCfg = Release|Any CPU
		{1FE3C0D0-FD3A-42CC-A881-31D8158132E5}.Release|Any CPU.Build.0 = Release|Any CPU
		{8FC9C0E1-CB77-4DCD-9AEA-031B611AF890}.Debug|Any CPU.ActiveCfg = Debug|Any CPU
		{8FC9C0E1-CB77-4DCD-9AEA-031B611AF890}.Debug|Any CPU.Build.0 = Debug|Any CPU
		{8FC9C0E1-CB77-4DCD-9AEA-031B611AF890}.Release|Any CPU.ActiveCfg = Release|Any CPU
		{8FC9C0E1-CB77-4DCD-9AEA-031B611AF890}.Release|Any CPU.Build.0 = Release|Any CPU
		{0D014D0D-F99D-469A-92A6-E1A05D22BCA3}.Debug|Any CPU.ActiveCfg = Debug|Any CPU
		{0D014D0D-F99D-469A-92A6-E1A05D22BCA3}.Debug|Any CPU.Build.0 = Debug|Any CPU
		{0D014D0D-F99D-469A-92A6-E1A05D22BCA3}.Release|Any CPU.ActiveCfg = Release|Any CPU
		{0D014D0D-F99D-469A-92A6-E1A05D22BCA3}.Release|Any CPU.Build.0 = Release|Any CPU
		{EEBE68FB-C48C-4AF8-B247-42CEF59BBEEA}.Debug|Any CPU.ActiveCfg = Debug|Any CPU
		{EEBE68FB-C48C-4AF8-B247-42CEF59BBEEA}.Debug|Any CPU.Build.0 = Debug|Any CPU
		{EEBE68FB-C48C-4AF8-B247-42CEF59BBEEA}.Release|Any CPU.ActiveCfg = Release|Any CPU
		{EEBE68FB-C48C-4AF8-B247-42CEF59BBEEA}.Release|Any CPU.Build.0 = Release|Any CPU
	EndGlobalSection
	GlobalSection(SolutionProperties) = preSolution
		HideSolutionNode = FALSE
	EndGlobalSection
	GlobalSection(ExtensibilityGlobals) = postSolution
		SolutionGuid = {2FF02749-4A7E-4A6E-BBBF-49465BE00F3E}
	EndGlobalSection
EndGlobal
