
Microsoft Visual Studio Solution File, Format Version 12.00
# Visual Studio Version 16
VisualStudioVersion = 16.0.29411.108
MinimumVisualStudioVersion = 10.0.40219.1
Project("{9A19103F-16F7-4668-BE54-9A1E7A4F7556}") = "Lotachamp.Domain", "src\Lotachamp.Domain\Lotachamp.Domain.csproj", "{88EA639A-8A21-44F0-B7AE-754D00A7B5D1}"
EndProject
Project("{9A19103F-16F7-4668-BE54-9A1E7A4F7556}") = "Lotachamp.Infrastructure", "src\Lotachamp.Infrastructure\Lotachamp.Infrastructure.csproj", "{2E255637-6877-44C3-9679-BA2BECCB8BEF}"
EndProject
Project("{9A19103F-16F7-4668-BE54-9A1E7A4F7556}") = "Lotachamp.Persistance", "src\Lotachamp.Persistance\Lotachamp.Persistance.csproj", "{51AC4A9C-0D09-4128-B1BD-74A8E497FBE5}"
EndProject
Project("{9A19103F-16F7-4668-BE54-9A1E7A4F7556}") = "Lotachamp.Application", "src\Lotachamp.Application\Lotachamp.Application.csproj", "{1981CF39-E0D9-48A2-941B-717C43F4039D}"
EndProject
Project("{9A19103F-16F7-4668-BE54-9A1E7A4F7556}") = "Lotachamp.Api", "src\Lotachamp.Api\Lotachamp.Api.csproj", "{1BD3DB78-1A6F-49F6-B4D3-F922F6CA7972}"
EndProject
Project("{2150E333-8FDC-42A3-9474-1A3956D46DE8}") = "unittests", "unittests", "{A5AA2AF1-5886-4601-A3FD-F75DB5E1EA6A}"
EndProject
Project("{FAE04EC0-301F-11D3-BF4B-00C04F79EFBC}") = "Lotachamp.Application.Test", "test\Lotachamp.Application.Test\Lotachamp.Application.Test.csproj", "{F3A398FA-7E9C-4A8E-A4C4-F12EC9293477}"
EndProject
Global
	GlobalSection(SolutionConfigurationPlatforms) = preSolution
		Debug|Any CPU = Debug|Any CPU
		Release|Any CPU = Release|Any CPU
	EndGlobalSection
	GlobalSection(ProjectConfigurationPlatforms) = postSolution
		{88EA639A-8A21-44F0-B7AE-754D00A7B5D1}.Debug|Any CPU.ActiveCfg = Debug|Any CPU
		{88EA639A-8A21-44F0-B7AE-754D00A7B5D1}.Debug|Any CPU.Build.0 = Debug|Any CPU
		{88EA639A-8A21-44F0-B7AE-754D00A7B5D1}.Release|Any CPU.ActiveCfg = Release|Any CPU
		{88EA639A-8A21-44F0-B7AE-754D00A7B5D1}.Release|Any CPU.Build.0 = Release|Any CPU
		{2E255637-6877-44C3-9679-BA2BECCB8BEF}.Debug|Any CPU.ActiveCfg = Debug|Any CPU
		{2E255637-6877-44C3-9679-BA2BECCB8BEF}.Debug|Any CPU.Build.0 = Debug|Any CPU
		{2E255637-6877-44C3-9679-BA2BECCB8BEF}.Release|Any CPU.ActiveCfg = Release|Any CPU
		{2E255637-6877-44C3-9679-BA2BECCB8BEF}.Release|Any CPU.Build.0 = Release|Any CPU
		{51AC4A9C-0D09-4128-B1BD-74A8E497FBE5}.Debug|Any CPU.ActiveCfg = Debug|Any CPU
		{51AC4A9C-0D09-4128-B1BD-74A8E497FBE5}.Debug|Any CPU.Build.0 = Debug|Any CPU
		{51AC4A9C-0D09-4128-B1BD-74A8E497FBE5}.Release|Any CPU.ActiveCfg = Release|Any CPU
		{51AC4A9C-0D09-4128-B1BD-74A8E497FBE5}.Release|Any CPU.Build.0 = Release|Any CPU
		{1981CF39-E0D9-48A2-941B-717C43F4039D}.Debug|Any CPU.ActiveCfg = Debug|Any CPU
		{1981CF39-E0D9-48A2-941B-717C43F4039D}.Debug|Any CPU.Build.0 = Debug|Any CPU
		{1981CF39-E0D9-48A2-941B-717C43F4039D}.Release|Any CPU.ActiveCfg = Release|Any CPU
		{1981CF39-E0D9-48A2-941B-717C43F4039D}.Release|Any CPU.Build.0 = Release|Any CPU
		{1BD3DB78-1A6F-49F6-B4D3-F922F6CA7972}.Debug|Any CPU.ActiveCfg = Debug|Any CPU
		{1BD3DB78-1A6F-49F6-B4D3-F922F6CA7972}.Debug|Any CPU.Build.0 = Debug|Any CPU
		{1BD3DB78-1A6F-49F6-B4D3-F922F6CA7972}.Release|Any CPU.ActiveCfg = Release|Any CPU
		{1BD3DB78-1A6F-49F6-B4D3-F922F6CA7972}.Release|Any CPU.Build.0 = Release|Any CPU
		{F3A398FA-7E9C-4A8E-A4C4-F12EC9293477}.Debug|Any CPU.ActiveCfg = Debug|Any CPU
		{F3A398FA-7E9C-4A8E-A4C4-F12EC9293477}.Debug|Any CPU.Build.0 = Debug|Any CPU
		{F3A398FA-7E9C-4A8E-A4C4-F12EC9293477}.Release|Any CPU.ActiveCfg = Release|Any CPU
		{F3A398FA-7E9C-4A8E-A4C4-F12EC9293477}.Release|Any CPU.Build.0 = Release|Any CPU
	EndGlobalSection
	GlobalSection(SolutionProperties) = preSolution
		HideSolutionNode = FALSE
	EndGlobalSection
	GlobalSection(NestedProjects) = preSolution
		{F3A398FA-7E9C-4A8E-A4C4-F12EC9293477} = {A5AA2AF1-5886-4601-A3FD-F75DB5E1EA6A}
	EndGlobalSection
	GlobalSection(ExtensibilityGlobals) = postSolution
		SolutionGuid = {2FF02749-4A7E-4A6E-BBBF-49465BE00F3E}
	EndGlobalSection
EndGlobal
